# This file is autogenerated, do not edit; changes may be undone by the next 'dep ensure'.


[[projects]]
  name = "github.com/davecgh/go-spew"
  packages = ["spew"]
  revision = "346938d642f2ec3594ed81d874461961cd0faa76"
  version = "v1.1.0"

[[projects]]
  branch = "master"
  name = "github.com/fnproject/fdk-go"
  packages = [
    ".",
    "utils"
  ]
  revision = "fe79a8fa099ee1d24c0a0c6971f77631d8cd89de"

[[projects]]
  name = "github.com/goboilerplates/core"
  packages = ["."]
  revision = "3fc72484567fc30f9f823bce5143aaccbaf6670e"
  version = "0.0.0"

[[projects]]
  name = "github.com/pmezard/go-difflib"
  packages = ["difflib"]
  revision = "792786c7400a136282c1664665ae0a8db921c6c2"
  version = "v1.0.0"

[[projects]]
  name = "github.com/stretchr/testify"
  packages = ["assert"]
  revision = "12b6f73e6084dad08a7c6e575284b177ecafbc71"
  version = "v1.2.1"

[solve-meta]
  analyzer-name = "dep"
  analyzer-version = 1
  inputs-digest = "117810e340fab4d36135bfb4c3a95d8a8ce7d32d883a5b725a2f52f4f0626996"
  solver-name = "gps-cdcl"
  solver-version = 1
